
Microsoft Visual Studio Solution File, Format Version 12.00
# Visual Studio Version 16
VisualStudioVersion = 16.0.809.6
MinimumVisualStudioVersion = 10.0.40219.1
Project("{FAE04EC0-301F-11D3-BF4B-00C04F79EFBC}") = "LearningCSharp", "LearningCSharp\LearningCSharp.csproj", "{A643342A-BC6B-4694-9CEE-A1F038C7CB7D}"
EndProject
Global
	GlobalSection(SolutionConfigurationPlatforms) = preSolution
		Debug|anycpu = Debug|anycpu
		Release|anycpu = Release|anycpu
	EndGlobalSection
	GlobalSection(ProjectConfigurationPlatforms) = postSolution
		{A643342A-BC6B-4694-9CEE-A1F038C7CB7D}.Debug|anycpu.ActiveCfg = Debug|anycpu
		{A643342A-BC6B-4694-9CEE-A1F038C7CB7D}.Debug|anycpu.Build.0 = Debug|anycpu
		{A643342A-BC6B-4694-9CEE-A1F038C7CB7D}.Release|anycpu.ActiveCfg = Release|anycpu
		{A643342A-BC6B-4694-9CEE-A1F038C7CB7D}.Release|anycpu.Build.0 = Release|anycpu
	EndGlobalSection
	GlobalSection(SolutionProperties) = preSolution
		HideSolutionNode = FALSE
	EndGlobalSection
	GlobalSection(ExtensibilityGlobals) = postSolution
		SolutionGuid = {47360B99-41BA-4CE7-8F07-A35DACF5E760}
	EndGlobalSection
EndGlobal
